
Microsoft Visual Studio Solution File, Format Version 12.00
# Visual Studio Version 17
VisualStudioVersion = 17.11.35327.3
MinimumVisualStudioVersion = 10.0.40219.1
Project("{FAE04EC0-301F-11D3-BF4B-00C04F79EFBC}") = "CodigoTareaEnClase", "CodigoTareaEnClase\CodigoTareaEnClase.csproj", "{A1B81633-BA85-4AA9-8CD6-FA94849AA516}"
EndProject
Global
	GlobalSection(SolutionConfigurationPlatforms) = preSolution
		Debug|Any CPU = Debug|Any CPU
		Release|Any CPU = Release|Any CPU
	EndGlobalSection
	GlobalSection(ProjectConfigurationPlatforms) = postSolution
		{A1B81633-BA85-4AA9-8CD6-FA94849AA516}.Debug|Any CPU.ActiveCfg = Debug|Any CPU
		{A1B81633-BA85-4AA9-8CD6-FA94849AA516}.Debug|Any CPU.Build.0 = Debug|Any CPU
		{A1B81633-BA85-4AA9-8CD6-FA94849AA516}.Release|Any CPU.ActiveCfg = Release|Any CPU
		{A1B81633-BA85-4AA9-8CD6-FA94849AA516}.Release|Any CPU.Build.0 = Release|Any CPU
	EndGlobalSection
	GlobalSection(SolutionProperties) = preSolution
		HideSolutionNode = FALSE
	EndGlobalSection
	GlobalSection(ExtensibilityGlobals) = postSolution
		SolutionGuid = {9CE9A2E6-CB5B-4D5C-B2BA-F7E8C00C25B0}
	EndGlobalSection
EndGlobal
